{
  "name": "osu-pp-maps",
  "version": "1.1.0",
  "lockfileVersion": 2,
  "requires": true,
  "packages": {
    "": {
      "name": "osu-pp-maps",
      "version": "1.1.0",
      "license": "MIT",
      "dependencies": {
        "@discoveryjs/json-ext": "^0.5.7",
        "axios": "0.15.3",
        "lodash": "^4.17.15",
        "many-promises": "^0.2.0",
        "node-schedule": "1.3.0",
        "papaparse": "^5.2.0"
      },
      "devDependencies": {
        "@types/lodash": "^4.14.182"
      }
    },
    "node_modules/@discoveryjs/json-ext": {
      "version": "0.5.7",
      "resolved": "https://registry.npmjs.org/@discoveryjs/json-ext/-/json-ext-0.5.7.tgz",
      "integrity": "sha512-dBVuXR082gk3jsFp7Rd/JI4kytwGHecnCoTtXFb7DB6CNHp4rg5k1bhg0nWdLGLnOV71lmDzGQaLMy8iPLY0pw==",
      "engines": {
        "node": ">=10.0.0"
      }
    },
    "node_modules/@types/lodash": {
      "version": "4.14.182",
      "resolved": "https://registry.npmjs.org/@types/lodash/-/lodash-4.14.182.tgz",
      "integrity": "sha512-/THyiqyQAP9AfARo4pF+aCGcyiQ94tX/Is2I7HofNRqoYLgN1PBoOWu2/zTA5zMxzP5EFutMtWtGAFRKUe961Q==",
      "dev": true
    },
    "node_modules/axios": {
      "version": "0.15.3",
      "resolved": "https://registry.npmjs.org/axios/-/axios-0.15.3.tgz",
      "integrity": "sha1-LJ1jiy4ZGgjqHWzJiOrda6W9wFM=",
      "deprecated": "Critical security vulnerability fixed in v0.21.1. For more information, see https://github.com/axios/axios/pull/3410",
      "dependencies": {
        "follow-redirects": "1.0.0"
      }
    },
    "node_modules/cron-parser": {
      "version": "2.7.1",
      "resolved": "https://registry.npmjs.org/cron-parser/-/cron-parser-2.7.1.tgz",
      "integrity": "sha512-gupE4KsGEVtp5X4YbUlQx6NiFt3e+VOhREPI4ZXS9FT5JcOjfw2ey1EUv3J6XWrxHR1aKYrk4uJDmdRjG39bgA==",
      "dependencies": {
        "is-nan": "^1.2.1",
        "moment-timezone": "^0.5.23"
      },
      "engines": {
        "node": ">=0.8"
      }
    },
    "node_modules/debug": {
      "version": "2.6.9",
      "resolved": "https://registry.npmjs.org/debug/-/debug-2.6.9.tgz",
      "integrity": "sha512-bC7ElrdJaJnPbAP+1EotYvqZsb3ecl5wi6Bfi6BJTUcNowp6cvspg0jXznRTKDjm/E7AdgFBVeAPVMNcKGsHMA==",
      "dependencies": {
        "ms": "2.0.0"
      }
    },
    "node_modules/define-properties": {
      "version": "1.1.3",
      "resolved": "https://registry.npmjs.org/define-properties/-/define-properties-1.1.3.tgz",
      "integrity": "sha512-3MqfYKj2lLzdMSf8ZIZE/V+Zuy+BgD6f164e8K2w7dgnpKArBDerGYpM46IYYcjnkdPNMjPk9A6VFB8+3SKlXQ==",
      "dependencies": {
        "object-keys": "^1.0.12"
      },
      "engines": {
        "node": ">= 0.4"
      }
    },
    "node_modules/follow-redirects": {
      "version": "1.0.0",
      "resolved": "https://registry.npmjs.org/follow-redirects/-/follow-redirects-1.0.0.tgz",
      "integrity": "sha1-jjQpjL0uF28lTv/sdaHHjMhJ/Tc=",
      "dependencies": {
        "debug": "^2.2.0"
      }
    },
    "node_modules/is-nan": {
      "version": "1.2.1",
      "resolved": "https://registry.npmjs.org/is-nan/-/is-nan-1.2.1.tgz",
      "integrity": "sha1-n69ltvttskt/XAYoR16nH5iEAeI=",
      "dependencies": {
        "define-properties": "^1.1.1"
      },
      "engines": {
        "node": ">= 0.4"
      }
    },
    "node_modules/lodash": {
      "version": "4.17.15",
      "resolved": "https://registry.npmjs.org/lodash/-/lodash-4.17.15.tgz",
      "integrity": "sha512-8xOcRHvCjnocdS5cpwXQXVzmmh5e5+saE2QGoeQmbKmRS6J3VQppPOIt0MnmE+4xlZoumy0GPG0D0MVIQbNA1A=="
    },
    "node_modules/long-timeout": {
      "version": "0.1.1",
      "resolved": "https://registry.npmjs.org/long-timeout/-/long-timeout-0.1.1.tgz",
      "integrity": "sha1-lyHXiLR+C8taJMLivuGg2lXatRQ="
    },
    "node_modules/many-promises": {
      "version": "0.2.0",
      "resolved": "https://registry.npmjs.org/many-promises/-/many-promises-0.2.0.tgz",
      "integrity": "sha512-mSxNID8KeRyE9JM5txBSbo3zxAr6fcVa6/bB4LyFLuRWEP/UfK11i5ltXaqSYGsB+t6s2Nvndp4BT6WomF1jBg=="
    },
    "node_modules/moment": {
      "version": "2.22.2",
      "resolved": "https://registry.npmjs.org/moment/-/moment-2.22.2.tgz",
      "integrity": "sha1-PCV/mDn8DpP/UxSWMiOeuQeD/2Y=",
      "engines": {
        "node": "*"
      }
    },
    "node_modules/moment-timezone": {
      "version": "0.5.37",
      "resolved": "https://registry.npmjs.org/moment-timezone/-/moment-timezone-0.5.37.tgz",
      "integrity": "sha512-uEDzDNFhfaywRl+vwXxffjjq1q0Vzr+fcQpQ1bU0kbzorfS7zVtZnCnGc8mhWmF39d4g4YriF6kwA75mJKE/Zg==",
      "dependencies": {
        "moment": ">= 2.9.0"
      },
      "engines": {
        "node": "*"
      }
    },
    "node_modules/ms": {
      "version": "2.0.0",
      "resolved": "https://registry.npmjs.org/ms/-/ms-2.0.0.tgz",
      "integrity": "sha1-VgiurfwAvmwpAd9fmGF4jeDVl8g="
    },
    "node_modules/node-schedule": {
      "version": "1.3.0",
      "resolved": "https://registry.npmjs.org/node-schedule/-/node-schedule-1.3.0.tgz",
      "integrity": "sha512-NNwO9SUPjBwFmPh3vXiPVEhJLn4uqYmZYvJV358SRGM06BR4UoIqxJpeJwDDXB6atULsgQA97MfD1zMd5xsu+A==",
      "dependencies": {
        "cron-parser": "^2.4.0",
        "long-timeout": "0.1.1",
        "sorted-array-functions": "^1.0.0"
      }
    },
    "node_modules/object-keys": {
      "version": "1.0.12",
      "resolved": "https://registry.npmjs.org/object-keys/-/object-keys-1.0.12.tgz",
      "integrity": "sha512-FTMyFUm2wBcGHnH2eXmz7tC6IwlqQZ6mVZ+6dm6vZ4IQIHjs6FdNsQBuKGPuUUUY6NfJw2PshC08Tn6LzLDOag==",
      "engines": {
        "node": ">= 0.4"
      }
    },
    "node_modules/papaparse": {
      "version": "5.2.0",
      "resolved": "https://registry.npmjs.org/papaparse/-/papaparse-5.2.0.tgz",
      "integrity": "sha512-ylq1wgUSnagU+MKQtNeVqrPhZuMYBvOSL00DHycFTCxownF95gpLAk1HiHdUW77N8yxRq1qHXLdlIPyBSG9NSA=="
    },
    "node_modules/sorted-array-functions": {
      "version": "1.2.0",
      "resolved": "https://registry.npmjs.org/sorted-array-functions/-/sorted-array-functions-1.2.0.tgz",
      "integrity": "sha512-sWpjPhIZJtqO77GN+LD8dDsDKcWZ9GCOJNqKzi1tvtjGIzwfoyuRH8S0psunmc6Z5P+qfDqztSbwYR5X/e1UTg=="
    }
  },
  "dependencies": {
    "@discoveryjs/json-ext": {
      "version": "0.5.7",
      "resolved": "https://registry.npmjs.org/@discoveryjs/json-ext/-/json-ext-0.5.7.tgz",
      "integrity": "sha512-dBVuXR082gk3jsFp7Rd/JI4kytwGHecnCoTtXFb7DB6CNHp4rg5k1bhg0nWdLGLnOV71lmDzGQaLMy8iPLY0pw=="
    },
    "@types/lodash": {
      "version": "4.14.182",
      "resolved": "https://registry.npmjs.org/@types/lodash/-/lodash-4.14.182.tgz",
      "integrity": "sha512-/THyiqyQAP9AfARo4pF+aCGcyiQ94tX/Is2I7HofNRqoYLgN1PBoOWu2/zTA5zMxzP5EFutMtWtGAFRKUe961Q==",
      "dev": true
    },
    "axios": {
      "version": "0.15.3",
      "resolved": "https://registry.npmjs.org/axios/-/axios-0.15.3.tgz",
      "integrity": "sha1-LJ1jiy4ZGgjqHWzJiOrda6W9wFM=",
      "requires": {
        "follow-redirects": "1.0.0"
      }
    },
    "cron-parser": {
      "version": "2.7.1",
      "resolved": "https://registry.npmjs.org/cron-parser/-/cron-parser-2.7.1.tgz",
      "integrity": "sha512-gupE4KsGEVtp5X4YbUlQx6NiFt3e+VOhREPI4ZXS9FT5JcOjfw2ey1EUv3J6XWrxHR1aKYrk4uJDmdRjG39bgA==",
      "requires": {
        "is-nan": "^1.2.1",
        "moment-timezone": "^0.5.23"
      }
    },
    "debug": {
      "version": "2.6.9",
      "resolved": "https://registry.npmjs.org/debug/-/debug-2.6.9.tgz",
      "integrity": "sha512-bC7ElrdJaJnPbAP+1EotYvqZsb3ecl5wi6Bfi6BJTUcNowp6cvspg0jXznRTKDjm/E7AdgFBVeAPVMNcKGsHMA==",
      "requires": {
        "ms": "2.0.0"
      }
    },
    "define-properties": {
      "version": "1.1.3",
      "resolved": "https://registry.npmjs.org/define-properties/-/define-properties-1.1.3.tgz",
      "integrity": "sha512-3MqfYKj2lLzdMSf8ZIZE/V+Zuy+BgD6f164e8K2w7dgnpKArBDerGYpM46IYYcjnkdPNMjPk9A6VFB8+3SKlXQ==",
      "requires": {
        "object-keys": "^1.0.12"
      }
    },
    "follow-redirects": {
      "version": "1.0.0",
      "resolved": "https://registry.npmjs.org/follow-redirects/-/follow-redirects-1.0.0.tgz",
      "integrity": "sha1-jjQpjL0uF28lTv/sdaHHjMhJ/Tc=",
      "requires": {
        "debug": "^2.2.0"
      }
    },
    "is-nan": {
      "version": "1.2.1",
      "resolved": "https://registry.npmjs.org/is-nan/-/is-nan-1.2.1.tgz",
      "integrity": "sha1-n69ltvttskt/XAYoR16nH5iEAeI=",
      "requires": {
        "define-properties": "^1.1.1"
      }
    },
    "lodash": {
      "version": "4.17.15",
      "resolved": "https://registry.npmjs.org/lodash/-/lodash-4.17.15.tgz",
      "integrity": "sha512-8xOcRHvCjnocdS5cpwXQXVzmmh5e5+saE2QGoeQmbKmRS6J3VQppPOIt0MnmE+4xlZoumy0GPG0D0MVIQbNA1A=="
    },
    "long-timeout": {
      "version": "0.1.1",
      "resolved": "https://registry.npmjs.org/long-timeout/-/long-timeout-0.1.1.tgz",
      "integrity": "sha1-lyHXiLR+C8taJMLivuGg2lXatRQ="
    },
    "many-promises": {
      "version": "0.2.0",
      "resolved": "https://registry.npmjs.org/many-promises/-/many-promises-0.2.0.tgz",
      "integrity": "sha512-mSxNID8KeRyE9JM5txBSbo3zxAr6fcVa6/bB4LyFLuRWEP/UfK11i5ltXaqSYGsB+t6s2Nvndp4BT6WomF1jBg=="
    },
    "moment": {
      "version": "2.22.2",
      "resolved": "https://registry.npmjs.org/moment/-/moment-2.22.2.tgz",
      "integrity": "sha1-PCV/mDn8DpP/UxSWMiOeuQeD/2Y="
    },
    "moment-timezone": {
      "version": "0.5.37",
      "resolved": "https://registry.npmjs.org/moment-timezone/-/moment-timezone-0.5.37.tgz",
      "integrity": "sha512-uEDzDNFhfaywRl+vwXxffjjq1q0Vzr+fcQpQ1bU0kbzorfS7zVtZnCnGc8mhWmF39d4g4YriF6kwA75mJKE/Zg==",
      "requires": {
        "moment": ">= 2.9.0"
      }
    },
    "ms": {
      "version": "2.0.0",
      "resolved": "https://registry.npmjs.org/ms/-/ms-2.0.0.tgz",
      "integrity": "sha1-VgiurfwAvmwpAd9fmGF4jeDVl8g="
    },
    "node-schedule": {
      "version": "1.3.0",
      "resolved": "https://registry.npmjs.org/node-schedule/-/node-schedule-1.3.0.tgz",
      "integrity": "sha512-NNwO9SUPjBwFmPh3vXiPVEhJLn4uqYmZYvJV358SRGM06BR4UoIqxJpeJwDDXB6atULsgQA97MfD1zMd5xsu+A==",
      "requires": {
        "cron-parser": "^2.4.0",
        "long-timeout": "0.1.1",
        "sorted-array-functions": "^1.0.0"
      }
    },
    "object-keys": {
      "version": "1.0.12",
      "resolved": "https://registry.npmjs.org/object-keys/-/object-keys-1.0.12.tgz",
      "integrity": "sha512-FTMyFUm2wBcGHnH2eXmz7tC6IwlqQZ6mVZ+6dm6vZ4IQIHjs6FdNsQBuKGPuUUUY6NfJw2PshC08Tn6LzLDOag=="
    },
    "papaparse": {
      "version": "5.2.0",
      "resolved": "https://registry.npmjs.org/papaparse/-/papaparse-5.2.0.tgz",
      "integrity": "sha512-ylq1wgUSnagU+MKQtNeVqrPhZuMYBvOSL00DHycFTCxownF95gpLAk1HiHdUW77N8yxRq1qHXLdlIPyBSG9NSA=="
    },
    "sorted-array-functions": {
      "version": "1.2.0",
      "resolved": "https://registry.npmjs.org/sorted-array-functions/-/sorted-array-functions-1.2.0.tgz",
      "integrity": "sha512-sWpjPhIZJtqO77GN+LD8dDsDKcWZ9GCOJNqKzi1tvtjGIzwfoyuRH8S0psunmc6Z5P+qfDqztSbwYR5X/e1UTg=="
    }
  }
}
